
Microsoft Visual Studio Solution File, Format Version 12.00
# Visual Studio Version 16
VisualStudioVersion = 16.0.30907.101
MinimumVisualStudioVersion = 10.0.40219.1
Project("{FAE04EC0-301F-11D3-BF4B-00C04F79EFBC}") = "DnD Arena Web", "DnD Arena Web.csproj", "{1DACB260-919E-4534-ACBA-7AA8EC28D297}"
EndProject
Global
	GlobalSection(SolutionConfigurationPlatforms) = preSolution
		Debug|Any CPU = Debug|Any CPU
		Release|Any CPU = Release|Any CPU
	EndGlobalSection
	GlobalSection(ProjectConfigurationPlatforms) = postSolution
		{1DACB260-919E-4534-ACBA-7AA8EC28D297}.Debug|Any CPU.ActiveCfg = Debug|Any CPU
		{1DACB260-919E-4534-ACBA-7AA8EC28D297}.Debug|Any CPU.Build.0 = Debug|Any CPU
		{1DACB260-919E-4534-ACBA-7AA8EC28D297}.Release|Any CPU.ActiveCfg = Release|Any CPU
		{1DACB260-919E-4534-ACBA-7AA8EC28D297}.Release|Any CPU.Build.0 = Release|Any CPU
	EndGlobalSection
	GlobalSection(SolutionProperties) = preSolution
		HideSolutionNode = FALSE
	EndGlobalSection
	GlobalSection(ExtensibilityGlobals) = postSolution
		SolutionGuid = {AB356CE2-03C0-4E62-A402-E71D89A7C0EC}
	EndGlobalSection
EndGlobal
